
Microsoft Visual Studio Solution File, Format Version 12.00
# Visual Studio 15
VisualStudioVersion = 15.0.26430.13
MinimumVisualStudioVersion = 10.0.40219.1
Project("{FAE04EC0-301F-11D3-BF4B-00C04F79EFBC}") = "TSTP_PCL.Android", "TSTP_PCL\TSTP_PCL.Android\TSTP_PCL.Android.csproj", "{6EAF3818-A648-45A2-AADE-95BFC7645028}"
EndProject
Project("{FAE04EC0-301F-11D3-BF4B-00C04F79EFBC}") = "TSTP_PCL", "TSTP_PCL\TSTP_PCL\TSTP_PCL.csproj", "{4C85C27D-08BC-42B2-A823-09F9BB062393}"
EndProject
Project("{FAE04EC0-301F-11D3-BF4B-00C04F79EFBC}") = "TSTP_PCL.UWP", "TSTP_PCL\TSTP_PCL.UWP\TSTP_PCL.UWP.csproj", "{0C56662D-AC3F-4FF7-9961-06E071733677}"
EndProject
Project("{FAE04EC0-301F-11D3-BF4B-00C04F79EFBC}") = "TSTP_PCL.iOS", "TSTP_PCL\TSTP_PCL.iOS\TSTP_PCL.iOS.csproj", "{743EE067-46B4-4F2E-B89E-9EC3A8FADFA2}"
EndProject
Global
	GlobalSection(SolutionConfigurationPlatforms) = preSolution
		Ad-Hoc|Any CPU = Ad-Hoc|Any CPU
		Ad-Hoc|ARM = Ad-Hoc|ARM
		Ad-Hoc|iPhone = Ad-Hoc|iPhone
		Ad-Hoc|iPhoneSimulator = Ad-Hoc|iPhoneSimulator
		Ad-Hoc|x64 = Ad-Hoc|x64
		Ad-Hoc|x86 = Ad-Hoc|x86
		AppStore|Any CPU = AppStore|Any CPU
		AppStore|ARM = AppStore|ARM
		AppStore|iPhone = AppStore|iPhone
		AppStore|iPhoneSimulator = AppStore|iPhoneSimulator
		AppStore|x64 = AppStore|x64
		AppStore|x86 = AppStore|x86
		Debug|Any CPU = Debug|Any CPU
		Debug|ARM = Debug|ARM
		Debug|iPhone = Debug|iPhone
		Debug|iPhoneSimulator = Debug|iPhoneSimulator
		Debug|x64 = Debug|x64
		Debug|x86 = Debug|x86
		Release|Any CPU = Release|Any CPU
		Release|ARM = Release|ARM
		Release|iPhone = Release|iPhone
		Release|iPhoneSimulator = Release|iPhoneSimulator
		Release|x64 = Release|x64
		Release|x86 = Release|x86
	EndGlobalSection
	GlobalSection(ProjectConfigurationPlatforms) = postSolution
		{6EAF3818-A648-45A2-AADE-95BFC7645028}.Ad-Hoc|Any CPU.ActiveCfg = Release|Any CPU
		{6EAF3818-A648-45A2-AADE-95BFC7645028}.Ad-Hoc|Any CPU.Build.0 = Release|Any CPU
		{6EAF3818-A648-45A2-AADE-95BFC7645028}.Ad-Hoc|Any CPU.Deploy.0 = Release|Any CPU
		{6EAF3818-A648-45A2-AADE-95BFC7645028}.Ad-Hoc|ARM.ActiveCfg = Release|Any CPU
		{6EAF3818-A648-45A2-AADE-95BFC7645028}.Ad-Hoc|ARM.Build.0 = Release|Any CPU
		{6EAF3818-A648-45A2-AADE-95BFC7645028}.Ad-Hoc|ARM.Deploy.0 = Release|Any CPU
		{6EAF3818-A648-45A2-AADE-95BFC7645028}.Ad-Hoc|iPhone.ActiveCfg = Release|Any CPU
		{6EAF3818-A648-45A2-AADE-95BFC7645028}.Ad-Hoc|iPhone.Build.0 = Release|Any CPU
		{6EAF3818-A648-45A2-AADE-95BFC7645028}.Ad-Hoc|iPhone.Deploy.0 = Release|Any CPU
		{6EAF3818-A648-45A2-AADE-95BFC7645028}.Ad-Hoc|iPhoneSimulator.ActiveCfg = Release|Any CPU
		{6EAF3818-A648-45A2-AADE-95BFC7645028}.Ad-Hoc|iPhoneSimulator.Build.0 = Release|Any CPU
		{6EAF3818-A648-45A2-AADE-95BFC7645028}.Ad-Hoc|iPhoneSimulator.Deploy.0 = Release|Any CPU
		{6EAF3818-A648-45A2-AADE-95BFC7645028}.Ad-Hoc|x64.ActiveCfg = Release|Any CPU
		{6EAF3818-A648-45A2-AADE-95BFC7645028}.Ad-Hoc|x64.Build.0 = Release|Any CPU
		{6EAF3818-A648-45A2-AADE-95BFC7645028}.Ad-Hoc|x64.Deploy.0 = Release|Any CPU
		{6EAF3818-A648-45A2-AADE-95BFC7645028}.Ad-Hoc|x86.ActiveCfg = Release|Any CPU
		{6EAF3818-A648-45A2-AADE-95BFC7645028}.Ad-Hoc|x86.Build.0 = Release|Any CPU
		{6EAF3818-A648-45A2-AADE-95BFC7645028}.Ad-Hoc|x86.Deploy.0 = Release|Any CPU
		{6EAF3818-A648-45A2-AADE-95BFC7645028}.AppStore|Any CPU.ActiveCfg = Release|Any CPU
		{6EAF3818-A648-45A2-AADE-95BFC7645028}.AppStore|Any CPU.Build.0 = Release|Any CPU
		{6EAF3818-A648-45A2-AADE-95BFC7645028}.AppStore|Any CPU.Deploy.0 = Release|Any CPU
		{6EAF3818-A648-45A2-AADE-95BFC7645028}.AppStore|ARM.ActiveCfg = Release|Any CPU
		{6EAF3818-A648-45A2-AADE-95BFC7645028}.AppStore|ARM.Build.0 = Release|Any CPU
		{6EAF3818-A648-45A2-AADE-95BFC7645028}.AppStore|ARM.Deploy.0 = Release|Any CPU
		{6EAF3818-A648-45A2-AADE-95BFC7645028}.AppStore|iPhone.ActiveCfg = Release|Any CPU
		{6EAF3818-A648-45A2-AADE-95BFC7645028}.AppStore|iPhone.Build.0 = Release|Any CPU
		{6EAF3818-A648-45A2-AADE-95BFC7645028}.AppStore|iPhone.Deploy.0 = Release|Any CPU
		{6EAF3818-A648-45A2-AADE-95BFC7645028}.AppStore|iPhoneSimulator.ActiveCfg = Release|Any CPU
		{6EAF3818-A648-45A2-AADE-95BFC7645028}.AppStore|iPhoneSimulator.Build.0 = Release|Any CPU
		{6EAF3818-A648-45A2-AADE-95BFC7645028}.AppStore|iPhoneSimulator.Deploy.0 = Release|Any CPU
		{6EAF3818-A648-45A2-AADE-95BFC7645028}.AppStore|x64.ActiveCfg = Release|Any CPU
		{6EAF3818-A648-45A2-AADE-95BFC7645028}.AppStore|x64.Build.0 = Release|Any CPU
		{6EAF3818-A648-45A2-AADE-95BFC7645028}.AppStore|x64.Deploy.0 = Release|Any CPU
		{6EAF3818-A648-45A2-AADE-95BFC7645028}.AppStore|x86.ActiveCfg = Release|Any CPU
		{6EAF3818-A648-45A2-AADE-95BFC7645028}.AppStore|x86.Build.0 = Release|Any CPU
		{6EAF3818-A648-45A2-AADE-95BFC7645028}.AppStore|x86.Deploy.0 = Release|Any CPU
		{6EAF3818-A648-45A2-AADE-95BFC7645028}.Debug|Any CPU.ActiveCfg = Debug|Any CPU
		{6EAF3818-A648-45A2-AADE-95BFC7645028}.Debug|Any CPU.Build.0 = Debug|Any CPU
		{6EAF3818-A648-45A2-AADE-95BFC7645028}.Debug|Any CPU.Deploy.0 = Debug|Any CPU
		{6EAF3818-A648-45A2-AADE-95BFC7645028}.Debug|ARM.ActiveCfg = Debug|Any CPU
		{6EAF3818-A648-45A2-AADE-95BFC7645028}.Debug|ARM.Build.0 = Debug|Any CPU
		{6EAF3818-A648-45A2-AADE-95BFC7645028}.Debug|ARM.Deploy.0 = Debug|Any CPU
		{6EAF3818-A648-45A2-AADE-95BFC7645028}.Debug|iPhone.ActiveCfg = Debug|Any CPU
		{6EAF3818-A648-45A2-AADE-95BFC7645028}.Debug|iPhone.Build.0 = Debug|Any CPU
		{6EAF3818-A648-45A2-AADE-95BFC7645028}.Debug|iPhone.Deploy.0 = Debug|Any CPU
		{6EAF3818-A648-45A2-AADE-95BFC7645028}.Debug|iPhoneSimulator.ActiveCfg = Debug|Any CPU
		{6EAF3818-A648-45A2-AADE-95BFC7645028}.Debug|iPhoneSimulator.Build.0 = Debug|Any CPU
		{6EAF3818-A648-45A2-AADE-95BFC7645028}.Debug|iPhoneSimulator.Deploy.0 = Debug|Any CPU
		{6EAF3818-A648-45A2-AADE-95BFC7645028}.Debug|x64.ActiveCfg = Debug|Any CPU
		{6EAF3818-A648-45A2-AADE-95BFC7645028}.Debug|x64.Build.0 = Debug|Any CPU
		{6EAF3818-A648-45A2-AADE-95BFC7645028}.Debug|x64.Deploy.0 = Debug|Any CPU
		{6EAF3818-A648-45A2-AADE-95BFC7645028}.Debug|x86.ActiveCfg = Debug|Any CPU
		{6EAF3818-A648-45A2-AADE-95BFC7645028}.Debug|x86.Build.0 = Debug|Any CPU
		{6EAF3818-A648-45A2-AADE-95BFC7645028}.Debug|x86.Deploy.0 = Debug|Any CPU
		{6EAF3818-A648-45A2-AADE-95BFC7645028}.Release|Any CPU.ActiveCfg = Release|Any CPU
		{6EAF3818-A648-45A2-AADE-95BFC7645028}.Release|Any CPU.Build.0 = Release|Any CPU
		{6EAF3818-A648-45A2-AADE-95BFC7645028}.Release|Any CPU.Deploy.0 = Release|Any CPU
		{6EAF3818-A648-45A2-AADE-95BFC7645028}.Release|ARM.ActiveCfg = Release|Any CPU
		{6EAF3818-A648-45A2-AADE-95BFC7645028}.Release|ARM.Build.0 = Release|Any CPU
		{6EAF3818-A648-45A2-AADE-95BFC7645028}.Release|ARM.Deploy.0 = Release|Any CPU
		{6EAF3818-A648-45A2-AADE-95BFC7645028}.Release|iPhone.ActiveCfg = Release|Any CPU
		{6EAF3818-A648-45A2-AADE-95BFC7645028}.Release|iPhone.Build.0 = Release|Any CPU
		{6EAF3818-A648-45A2-AADE-95BFC7645028}.Release|iPhone.Deploy.0 = Release|Any CPU
		{6EAF3818-A648-45A2-AADE-95BFC7645028}.Release|iPhoneSimulator.ActiveCfg = Release|Any CPU
		{6EAF3818-A648-45A2-AADE-95BFC7645028}.Release|iPhoneSimulator.Build.0 = Release|Any CPU
		{6EAF3818-A648-45A2-AADE-95BFC7645028}.Release|iPhoneSimulator.Deploy.0 = Release|Any CPU
		{6EAF3818-A648-45A2-AADE-95BFC7645028}.Release|x64.ActiveCfg = Release|Any CPU
		{6EAF3818-A648-45A2-AADE-95BFC7645028}.Release|x64.Build.0 = Release|Any CPU
		{6EAF3818-A648-45A2-AADE-95BFC7645028}.Release|x64.Deploy.0 = Release|Any CPU
		{6EAF3818-A648-45A2-AADE-95BFC7645028}.Release|x86.ActiveCfg = Release|Any CPU
		{6EAF3818-A648-45A2-AADE-95BFC7645028}.Release|x86.Build.0 = Release|Any CPU
		{6EAF3818-A648-45A2-AADE-95BFC7645028}.Release|x86.Deploy.0 = Release|Any CPU
		{4C85C27D-08BC-42B2-A823-09F9BB062393}.Ad-Hoc|Any CPU.ActiveCfg = Release|Any CPU
		{4C85C27D-08BC-42B2-A823-09F9BB062393}.Ad-Hoc|Any CPU.Build.0 = Release|Any CPU
		{4C85C27D-08BC-42B2-A823-09F9BB062393}.Ad-Hoc|ARM.ActiveCfg = Release|Any CPU
		{4C85C27D-08BC-42B2-A823-09F9BB062393}.Ad-Hoc|ARM.Build.0 = Release|Any CPU
		{4C85C27D-08BC-42B2-A823-09F9BB062393}.Ad-Hoc|iPhone.ActiveCfg = Release|Any CPU
		{4C85C27D-08BC-42B2-A823-09F9BB062393}.Ad-Hoc|iPhone.Build.0 = Release|Any CPU
		{4C85C27D-08BC-42B2-A823-09F9BB062393}.Ad-Hoc|iPhoneSimulator.ActiveCfg = Release|Any CPU
		{4C85C27D-08BC-42B2-A823-09F9BB062393}.Ad-Hoc|iPhoneSimulator.Build.0 = Release|Any CPU
		{4C85C27D-08BC-42B2-A823-09F9BB062393}.Ad-Hoc|x64.ActiveCfg = Release|Any CPU
		{4C85C27D-08BC-42B2-A823-09F9BB062393}.Ad-Hoc|x64.Build.0 = Release|Any CPU
		{4C85C27D-08BC-42B2-A823-09F9BB062393}.Ad-Hoc|x86.ActiveCfg = Release|Any CPU
		{4C85C27D-08BC-42B2-A823-09F9BB062393}.Ad-Hoc|x86.Build.0 = Release|Any CPU
		{4C85C27D-08BC-42B2-A823-09F9BB062393}.AppStore|Any CPU.ActiveCfg = Release|Any CPU
		{4C85C27D-08BC-42B2-A823-09F9BB062393}.AppStore|Any CPU.Build.0 = Release|Any CPU
		{4C85C27D-08BC-42B2-A823-09F9BB062393}.AppStore|ARM.ActiveCfg = Release|Any CPU
		{4C85C27D-08BC-42B2-A823-09F9BB062393}.AppStore|ARM.Build.0 = Release|Any CPU
		{4C85C27D-08BC-42B2-A823-09F9BB062393}.AppStore|iPhone.ActiveCfg = Release|Any CPU
		{4C85C27D-08BC-42B2-A823-09F9BB062393}.AppStore|iPhone.Build.0 = Release|Any CPU
		{4C85C27D-08BC-42B2-A823-09F9BB062393}.AppStore|iPhoneSimulator.ActiveCfg = Release|Any CPU
		{4C85C27D-08BC-42B2-A823-09F9BB062393}.AppStore|iPhoneSimulator.Build.0 = Release|Any CPU
		{4C85C27D-08BC-42B2-A823-09F9BB062393}.AppStore|x64.ActiveCfg = Release|Any CPU
		{4C85C27D-08BC-42B2-A823-09F9BB062393}.AppStore|x64.Build.0 = Release|Any CPU
		{4C85C27D-08BC-42B2-A823-09F9BB062393}.AppStore|x86.ActiveCfg = Release|Any CPU
		{4C85C27D-08BC-42B2-A823-09F9BB062393}.AppStore|x86.Build.0 = Release|Any CPU
		{4C85C27D-08BC-42B2-A823-09F9BB062393}.Debug|Any CPU.ActiveCfg = Debug|Any CPU
		{4C85C27D-08BC-42B2-A823-09F9BB062393}.Debug|Any CPU.Build.0 = Debug|Any CPU
		{4C85C27D-08BC-42B2-A823-09F9BB062393}.Debug|ARM.ActiveCfg = Debug|Any CPU
		{4C85C27D-08BC-42B2-A823-09F9BB062393}.Debug|ARM.Build.0 = Debug|Any CPU
		{4C85C27D-08BC-42B2-A823-09F9BB062393}.Debug|iPhone.ActiveCfg = Debug|Any CPU
		{4C85C27D-08BC-42B2-A823-09F9BB062393}.Debug|iPhone.Build.0 = Debug|Any CPU
		{4C85C27D-08BC-42B2-A823-09F9BB062393}.Debug|iPhoneSimulator.ActiveCfg = Debug|Any CPU
		{4C85C27D-08BC-42B2-A823-09F9BB062393}.Debug|iPhoneSimulator.Build.0 = Debug|Any CPU
		{4C85C27D-08BC-42B2-A823-09F9BB062393}.Debug|x64.ActiveCfg = Debug|Any CPU
		{4C85C27D-08BC-42B2-A823-09F9BB062393}.Debug|x64.Build.0 = Debug|Any CPU
		{4C85C27D-08BC-42B2-A823-09F9BB062393}.Debug|x86.ActiveCfg = Debug|Any CPU
		{4C85C27D-08BC-42B2-A823-09F9BB062393}.Debug|x86.Build.0 = Debug|Any CPU
		{4C85C27D-08BC-42B2-A823-09F9BB062393}.Release|Any CPU.ActiveCfg = Release|Any CPU
		{4C85C27D-08BC-42B2-A823-09F9BB062393}.Release|Any CPU.Build.0 = Release|Any CPU
		{4C85C27D-08BC-42B2-A823-09F9BB062393}.Release|ARM.ActiveCfg = Release|Any CPU
		{4C85C27D-08BC-42B2-A823-09F9BB062393}.Release|ARM.Build.0 = Release|Any CPU
		{4C85C27D-08BC-42B2-A823-09F9BB062393}.Release|iPhone.ActiveCfg = Release|Any CPU
		{4C85C27D-08BC-42B2-A823-09F9BB062393}.Release|iPhone.Build.0 = Release|Any CPU
		{4C85C27D-08BC-42B2-A823-09F9BB062393}.Release|iPhoneSimulator.ActiveCfg = Release|Any CPU
		{4C85C27D-08BC-42B2-A823-09F9BB062393}.Release|iPhoneSimulator.Build.0 = Release|Any CPU
		{4C85C27D-08BC-42B2-A823-09F9BB062393}.Release|x64.ActiveCfg = Release|Any CPU
		{4C85C27D-08BC-42B2-A823-09F9BB062393}.Release|x64.Build.0 = Release|Any CPU
		{4C85C27D-08BC-42B2-A823-09F9BB062393}.Release|x86.ActiveCfg = Release|Any CPU
		{4C85C27D-08BC-42B2-A823-09F9BB062393}.Release|x86.Build.0 = Release|Any CPU
		{0C56662D-AC3F-4FF7-9961-06E071733677}.Ad-Hoc|Any CPU.ActiveCfg = Release|x86
		{0C56662D-AC3F-4FF7-9961-06E071733677}.Ad-Hoc|Any CPU.Build.0 = Release|x86
		{0C56662D-AC3F-4FF7-9961-06E071733677}.Ad-Hoc|Any CPU.Deploy.0 = Release|x86
		{0C56662D-AC3F-4FF7-9961-06E071733677}.Ad-Hoc|ARM.ActiveCfg = Release|ARM
		{0C56662D-AC3F-4FF7-9961-06E071733677}.Ad-Hoc|ARM.Build.0 = Release|ARM
		{0C56662D-AC3F-4FF7-9961-06E071733677}.Ad-Hoc|ARM.Deploy.0 = Release|ARM
		{0C56662D-AC3F-4FF7-9961-06E071733677}.Ad-Hoc|iPhone.ActiveCfg = Release|x86
		{0C56662D-AC3F-4FF7-9961-06E071733677}.Ad-Hoc|iPhone.Build.0 = Release|x86
		{0C56662D-AC3F-4FF7-9961-06E071733677}.Ad-Hoc|iPhone.Deploy.0 = Release|x86
		{0C56662D-AC3F-4FF7-9961-06E071733677}.Ad-Hoc|iPhoneSimulator.ActiveCfg = Release|x86
		{0C56662D-AC3F-4FF7-9961-06E071733677}.Ad-Hoc|iPhoneSimulator.Build.0 = Release|x86
		{0C56662D-AC3F-4FF7-9961-06E071733677}.Ad-Hoc|iPhoneSimulator.Deploy.0 = Release|x86
		{0C56662D-AC3F-4FF7-9961-06E071733677}.Ad-Hoc|x64.ActiveCfg = Release|x64
		{0C56662D-AC3F-4FF7-9961-06E071733677}.Ad-Hoc|x64.Build.0 = Release|x64
		{0C56662D-AC3F-4FF7-9961-06E071733677}.Ad-Hoc|x64.Deploy.0 = Release|x64
		{0C56662D-AC3F-4FF7-9961-06E071733677}.Ad-Hoc|x86.ActiveCfg = Release|x86
		{0C56662D-AC3F-4FF7-9961-06E071733677}.Ad-Hoc|x86.Build.0 = Release|x86
		{0C56662D-AC3F-4FF7-9961-06E071733677}.Ad-Hoc|x86.Deploy.0 = Release|x86
		{0C56662D-AC3F-4FF7-9961-06E071733677}.AppStore|Any CPU.ActiveCfg = Release|x86
		{0C56662D-AC3F-4FF7-9961-06E071733677}.AppStore|Any CPU.Build.0 = Release|x86
		{0C56662D-AC3F-4FF7-9961-06E071733677}.AppStore|Any CPU.Deploy.0 = Release|x86
		{0C56662D-AC3F-4FF7-9961-06E071733677}.AppStore|ARM.ActiveCfg = Release|ARM
		{0C56662D-AC3F-4FF7-9961-06E071733677}.AppStore|ARM.Build.0 = Release|ARM
		{0C56662D-AC3F-4FF7-9961-06E071733677}.AppStore|ARM.Deploy.0 = Release|ARM
		{0C56662D-AC3F-4FF7-9961-06E071733677}.AppStore|iPhone.ActiveCfg = Release|x86
		{0C56662D-AC3F-4FF7-9961-06E071733677}.AppStore|iPhone.Build.0 = Release|x86
		{0C56662D-AC3F-4FF7-9961-06E071733677}.AppStore|iPhone.Deploy.0 = Release|x86
		{0C56662D-AC3F-4FF7-9961-06E071733677}.AppStore|iPhoneSimulator.ActiveCfg = Release|x86
		{0C56662D-AC3F-4FF7-9961-06E071733677}.AppStore|iPhoneSimulator.Build.0 = Release|x86
		{0C56662D-AC3F-4FF7-9961-06E071733677}.AppStore|iPhoneSimulator.Deploy.0 = Release|x86
		{0C56662D-AC3F-4FF7-9961-06E071733677}.AppStore|x64.ActiveCfg = Release|x64
		{0C56662D-AC3F-4FF7-9961-06E071733677}.AppStore|x64.Build.0 = Release|x64
		{0C56662D-AC3F-4FF7-9961-06E071733677}.AppStore|x64.Deploy.0 = Release|x64
		{0C56662D-AC3F-4FF7-9961-06E071733677}.AppStore|x86.ActiveCfg = Release|x86
		{0C56662D-AC3F-4FF7-9961-06E071733677}.AppStore|x86.Build.0 = Release|x86
		{0C56662D-AC3F-4FF7-9961-06E071733677}.AppStore|x86.Deploy.0 = Release|x86
		{0C56662D-AC3F-4FF7-9961-06E071733677}.Debug|Any CPU.ActiveCfg = Debug|x86
		{0C56662D-AC3F-4FF7-9961-06E071733677}.Debug|ARM.ActiveCfg = Debug|ARM
		{0C56662D-AC3F-4FF7-9961-06E071733677}.Debug|ARM.Build.0 = Debug|ARM
		{0C56662D-AC3F-4FF7-9961-06E071733677}.Debug|ARM.Deploy.0 = Debug|ARM
		{0C56662D-AC3F-4FF7-9961-06E071733677}.Debug|iPhone.ActiveCfg = Debug|x86
		{0C56662D-AC3F-4FF7-9961-06E071733677}.Debug|iPhoneSimulator.ActiveCfg = Debug|x86
		{0C56662D-AC3F-4FF7-9961-06E071733677}.Debug|x64.ActiveCfg = Debug|x64
		{0C56662D-AC3F-4FF7-9961-06E071733677}.Debug|x64.Build.0 = Debug|x64
		{0C56662D-AC3F-4FF7-9961-06E071733677}.Debug|x64.Deploy.0 = Debug|x64
		{0C56662D-AC3F-4FF7-9961-06E071733677}.Debug|x86.ActiveCfg = Debug|x86
		{0C56662D-AC3F-4FF7-9961-06E071733677}.Debug|x86.Build.0 = Debug|x86
		{0C56662D-AC3F-4FF7-9961-06E071733677}.Debug|x86.Deploy.0 = Debug|x86
		{0C56662D-AC3F-4FF7-9961-06E071733677}.Release|Any CPU.ActiveCfg = Release|x86
		{0C56662D-AC3F-4FF7-9961-06E071733677}.Release|ARM.ActiveCfg = Release|ARM
		{0C56662D-AC3F-4FF7-9961-06E071733677}.Release|ARM.Build.0 = Release|ARM
		{0C56662D-AC3F-4FF7-9961-06E071733677}.Release|ARM.Deploy.0 = Release|ARM
		{0C56662D-AC3F-4FF7-9961-06E071733677}.Release|iPhone.ActiveCfg = Release|x86
		{0C56662D-AC3F-4FF7-9961-06E071733677}.Release|iPhoneSimulator.ActiveCfg = Release|x86
		{0C56662D-AC3F-4FF7-9961-06E071733677}.Release|x64.ActiveCfg = Release|x64
		{0C56662D-AC3F-4FF7-9961-06E071733677}.Release|x64.Build.0 = Release|x64
		{0C56662D-AC3F-4FF7-9961-06E071733677}.Release|x64.Deploy.0 = Release|x64
		{0C56662D-AC3F-4FF7-9961-06E071733677}.Release|x86.ActiveCfg = Release|x86
		{0C56662D-AC3F-4FF7-9961-06E071733677}.Release|x86.Build.0 = Release|x86
		{0C56662D-AC3F-4FF7-9961-06E071733677}.Release|x86.Deploy.0 = Release|x86
		{743EE067-46B4-4F2E-B89E-9EC3A8FADFA2}.Ad-Hoc|Any CPU.ActiveCfg = Ad-Hoc|iPhone
		{743EE067-46B4-4F2E-B89E-9EC3A8FADFA2}.Ad-Hoc|ARM.ActiveCfg = Ad-Hoc|iPhone
		{743EE067-46B4-4F2E-B89E-9EC3A8FADFA2}.Ad-Hoc|iPhone.ActiveCfg = Ad-Hoc|iPhone
		{743EE067-46B4-4F2E-B89E-9EC3A8FADFA2}.Ad-Hoc|iPhone.Build.0 = Ad-Hoc|iPhone
		{743EE067-46B4-4F2E-B89E-9EC3A8FADFA2}.Ad-Hoc|iPhoneSimulator.ActiveCfg = Ad-Hoc|iPhoneSimulator
		{743EE067-46B4-4F2E-B89E-9EC3A8FADFA2}.Ad-Hoc|iPhoneSimulator.Build.0 = Ad-Hoc|iPhoneSimulator
		{743EE067-46B4-4F2E-B89E-9EC3A8FADFA2}.Ad-Hoc|x64.ActiveCfg = Ad-Hoc|iPhone
		{743EE067-46B4-4F2E-B89E-9EC3A8FADFA2}.Ad-Hoc|x86.ActiveCfg = Ad-Hoc|iPhone
		{743EE067-46B4-4F2E-B89E-9EC3A8FADFA2}.AppStore|Any CPU.ActiveCfg = AppStore|iPhone
		{743EE067-46B4-4F2E-B89E-9EC3A8FADFA2}.AppStore|ARM.ActiveCfg = AppStore|iPhone
		{743EE067-46B4-4F2E-B89E-9EC3A8FADFA2}.AppStore|iPhone.ActiveCfg = AppStore|iPhone
		{743EE067-46B4-4F2E-B89E-9EC3A8FADFA2}.AppStore|iPhone.Build.0 = AppStore|iPhone
		{743EE067-46B4-4F2E-B89E-9EC3A8FADFA2}.AppStore|iPhoneSimulator.ActiveCfg = AppStore|iPhoneSimulator
		{743EE067-46B4-4F2E-B89E-9EC3A8FADFA2}.AppStore|iPhoneSimulator.Build.0 = AppStore|iPhoneSimulator
		{743EE067-46B4-4F2E-B89E-9EC3A8FADFA2}.AppStore|x64.ActiveCfg = AppStore|iPhone
		{743EE067-46B4-4F2E-B89E-9EC3A8FADFA2}.AppStore|x86.ActiveCfg = AppStore|iPhone
		{743EE067-46B4-4F2E-B89E-9EC3A8FADFA2}.Debug|Any CPU.ActiveCfg = Debug|iPhone
		{743EE067-46B4-4F2E-B89E-9EC3A8FADFA2}.Debug|ARM.ActiveCfg = Debug|iPhone
		{743EE067-46B4-4F2E-B89E-9EC3A8FADFA2}.Debug|iPhone.ActiveCfg = Debug|iPhone
		{743EE067-46B4-4F2E-B89E-9EC3A8FADFA2}.Debug|iPhone.Build.0 = Debug|iPhone
		{743EE067-46B4-4F2E-B89E-9EC3A8FADFA2}.Debug|iPhoneSimulator.ActiveCfg = Debug|iPhoneSimulator
		{743EE067-46B4-4F2E-B89E-9EC3A8FADFA2}.Debug|iPhoneSimulator.Build.0 = Debug|iPhoneSimulator
		{743EE067-46B4-4F2E-B89E-9EC3A8FADFA2}.Debug|x64.ActiveCfg = Debug|iPhone
		{743EE067-46B4-4F2E-B89E-9EC3A8FADFA2}.Debug|x86.ActiveCfg = Debug|iPhone
		{743EE067-46B4-4F2E-B89E-9EC3A8FADFA2}.Release|Any CPU.ActiveCfg = Release|iPhone
		{743EE067-46B4-4F2E-B89E-9EC3A8FADFA2}.Release|ARM.ActiveCfg = Release|iPhone
		{743EE067-46B4-4F2E-B89E-9EC3A8FADFA2}.Release|iPhone.ActiveCfg = Release|iPhone
		{743EE067-46B4-4F2E-B89E-9EC3A8FADFA2}.Release|iPhone.Build.0 = Release|iPhone
		{743EE067-46B4-4F2E-B89E-9EC3A8FADFA2}.Release|iPhoneSimulator.ActiveCfg = Release|iPhoneSimulator
		{743EE067-46B4-4F2E-B89E-9EC3A8FADFA2}.Release|iPhoneSimulator.Build.0 = Release|iPhoneSimulator
		{743EE067-46B4-4F2E-B89E-9EC3A8FADFA2}.Release|x64.ActiveCfg = Release|iPhone
		{743EE067-46B4-4F2E-B89E-9EC3A8FADFA2}.Release|x86.ActiveCfg = Release|iPhone
	EndGlobalSection
	GlobalSection(SolutionProperties) = preSolution
		HideSolutionNode = FALSE
	EndGlobalSection
EndGlobal
